
Microsoft Visual Studio Solution File, Format Version 12.00
# Visual Studio Version 17
VisualStudioVersion = 17.3.32929.385
MinimumVisualStudioVersion = 10.0.40219.1
Project("{FAE04EC0-301F-11D3-BF4B-00C04F79EFBC}") = "Silo Clothing New UI", "Olis Knitting New UI\Silo Clothing New UI.csproj", "{60E948EB-AFCF-47B8-8C45-877BE030FFDD}"
EndProject
Global
	GlobalSection(SolutionConfigurationPlatforms) = preSolution
		Debug|Any CPU = Debug|Any CPU
		Release|Any CPU = Release|Any CPU
	EndGlobalSection
	GlobalSection(ProjectConfigurationPlatforms) = postSolution
		{60E948EB-AFCF-47B8-8C45-877BE030FFDD}.Debug|Any CPU.ActiveCfg = Debug|Any CPU
		{60E948EB-AFCF-47B8-8C45-877BE030FFDD}.Debug|Any CPU.Build.0 = Debug|Any CPU
		{60E948EB-AFCF-47B8-8C45-877BE030FFDD}.Release|Any CPU.ActiveCfg = Release|Any CPU
		{60E948EB-AFCF-47B8-8C45-877BE030FFDD}.Release|Any CPU.Build.0 = Release|Any CPU
	EndGlobalSection
	GlobalSection(SolutionProperties) = preSolution
		HideSolutionNode = FALSE
	EndGlobalSection
	GlobalSection(ExtensibilityGlobals) = postSolution
		SolutionGuid = {3E5A8ADD-C99A-4E2E-8E8F-4E641C411FA1}
	EndGlobalSection
EndGlobal
